{
  "name": "w3g",
  "version": "0.1.0",
  "lockfileVersion": 1,
  "requires": true,
  "dependencies": {
    "mikan.js": {
      "version": "1.0.10",
      "resolved": "https://registry.npmjs.org/mikan.js/-/mikan.js-1.0.10.tgz",
      "integrity": "sha512-ZLopY4xSKH5mLgQTqYjRDCYzLjXPTnTXtbZbt4GiuMMdHuH41htdyibCsc7OG9zAy4yJatJ9vj8jiRnkkyV8/g=="
    },
    "mini-signals": {
      "version": "1.2.0",
      "resolved": "https://registry.npmjs.org/mini-signals/-/mini-signals-1.2.0.tgz",
      "integrity": "sha1-RbCAE8X65RokqhqTXNMXye1yHXQ="
    },
    "parse-uri": {
      "version": "1.0.0",
      "resolved": "https://registry.npmjs.org/parse-uri/-/parse-uri-1.0.0.tgz",
      "integrity": "sha1-KHLcwi8aeXrN4Vg9igrClVLdrCA="
    },
    "resource-loader": {
      "version": "2.2.3",
      "resolved": "https://registry.npmjs.org/resource-loader/-/resource-loader-2.2.3.tgz",
      "integrity": "sha512-SsxilncV7gxwr12clSq0E2HZh8QjcosVVSEAnZ3VF9VtBNNtO3UFxxXT9pJgkVEJUHAlXg26MkkTOMjyz1kDdw==",
      "requires": {
        "mini-signals": "^1.1.1",
        "parse-uri": "^1.0.0"
      }
    },
    "three": {
      "version": "0.99.0",
      "resolved": "https://registry.npmjs.org/three/-/three-0.99.0.tgz",
      "integrity": "sha512-DmNNq6H6nRGaqxScJ8x7v5VjdtDZR72oTVwDdKbB2BYNFxCkAoo9vdFAznEsMu9YzTV2yFvbVs7qHRzvJZzTIg=="
    },
    "three-text2d": {
      "version": "0.4.1",
      "resolved": "https://registry.npmjs.org/three-text2d/-/three-text2d-0.4.1.tgz",
      "integrity": "sha512-Itc8/ORw9M4/sfcqwz/vv/VTzlkErMSP9T3JsCa3GPGvfpmq9PIFwWu11NIizf4Vrq19n8HCh3MEK3egX01xMA=="
    },
    "three.meshline": {
      "version": "1.1.0",
      "resolved": "https://registry.npmjs.org/three.meshline/-/three.meshline-1.1.0.tgz",
      "integrity": "sha512-YJmFMKP9udGMCNIxx6ntTu6qMti3y2a8w/Z2Ado/n8N837YAqm5kkJX55E8jGRyc0IWahlRkO+B2i+XXZluVGw=="
    }
  }
}
